
Microsoft Visual Studio Solution File, Format Version 12.00
# Visual Studio Version 17
VisualStudioVersion = 17.14.36025.13
MinimumVisualStudioVersion = 10.0.40219.1
Project("{2150E333-8FDC-42A3-9474-1A3956D46DE8}") = "src", "src", "{02EA681E-C7D8-13C7-8484-4AC65E1B71E8}"
EndProject
Project("{FAE04EC0-301F-11D3-BF4B-00C04F79EFBC}") = "AspireSample.AppHost", "AspireSample\AspireSample.AppHost\AspireSample.AppHost.csproj", "{038A0191-63B2-4C3E-94CA-6A31BB9579A8}"
EndProject
Project("{FAE04EC0-301F-11D3-BF4B-00C04F79EFBC}") = "AspireSample.ServiceDefaults", "AspireSample\AspireSample.ServiceDefaults\AspireSample.ServiceDefaults.csproj", "{234DCEE3-8D8D-9061-2C6D-87B6DC54DF16}"
EndProject
Project("{FAE04EC0-301F-11D3-BF4B-00C04F79EFBC}") = "AspireSample.Tests", "AspireSample\AspireSample.Tests\AspireSample.Tests.csproj", "{FF3FAA7B-93B0-4567-E9D5-B03127F9A3A0}"
EndProject
Project("{FAE04EC0-301F-11D3-BF4B-00C04F79EFBC}") = "AspireSample.Web", "AspireSample\AspireSample.Web\AspireSample.Web.csproj", "{6FFE6D11-308C-404E-A20D-2B30D981FBB7}"
EndProject
Project("{2150E333-8FDC-42A3-9474-1A3956D46DE8}") = "Solution Items", "Solution Items", "{8EC462FD-D22E-90A8-E5CE-7E832BA40C5D}"
	ProjectSection(SolutionItems) = preProject
		.editorconfig = .editorconfig
		aspire-manifest.json = aspire-manifest.json
		Commands.md = Commands.md
		copilot-instructions.md = copilot-instructions.md
	EndProjectSection
EndProject
Project("{FAE04EC0-301F-11D3-BF4B-00C04F79EFBC}") = "AspireSample.WorkerService", "AspireSample\AspireSample.WorkerService\AspireSample.WorkerService.csproj", "{0DE613E4-238E-4F7A-96FA-25B79B33AB7B}"
EndProject
Project("{FAE04EC0-301F-11D3-BF4B-00C04F79EFBC}") = "AspireSample.Catalog.Api", "AspireSample\AspireSample.Catalog\AspireSample.Catalog.Api.csproj", "{B5F1F48F-0B2C-43C5-A4B0-43947A156027}"
EndProject
Project("{FAE04EC0-301F-11D3-BF4B-00C04F79EFBC}") = "AspireSample.Catalog.Infrastructure", "AspireSample\AspireSample.Catalog.Infrastructure\AspireSample.Catalog.Infrastructure.csproj", "{6792A40E-130E-47B4-A6A3-8BA101F26956}"
EndProject
Project("{FAE04EC0-301F-11D3-BF4B-00C04F79EFBC}") = "SharedKernel", "AspireSample\SharedKernel\SharedKernel.csproj", "{C2D57B7B-7E1E-40BA-BC9A-8DA335422F8E}"
EndProject
Global
	GlobalSection(SolutionConfigurationPlatforms) = preSolution
		Debug|Any CPU = Debug|Any CPU
		Release|Any CPU = Release|Any CPU
	EndGlobalSection
	GlobalSection(ProjectConfigurationPlatforms) = postSolution
		{038A0191-63B2-4C3E-94CA-6A31BB9579A8}.Debug|Any CPU.ActiveCfg = Debug|Any CPU
		{038A0191-63B2-4C3E-94CA-6A31BB9579A8}.Debug|Any CPU.Build.0 = Debug|Any CPU
		{038A0191-63B2-4C3E-94CA-6A31BB9579A8}.Release|Any CPU.ActiveCfg = Release|Any CPU
		{038A0191-63B2-4C3E-94CA-6A31BB9579A8}.Release|Any CPU.Build.0 = Release|Any CPU
		{234DCEE3-8D8D-9061-2C6D-87B6DC54DF16}.Debug|Any CPU.ActiveCfg = Debug|Any CPU
		{234DCEE3-8D8D-9061-2C6D-87B6DC54DF16}.Debug|Any CPU.Build.0 = Debug|Any CPU
		{234DCEE3-8D8D-9061-2C6D-87B6DC54DF16}.Release|Any CPU.ActiveCfg = Release|Any CPU
		{234DCEE3-8D8D-9061-2C6D-87B6DC54DF16}.Release|Any CPU.Build.0 = Release|Any CPU
		{FF3FAA7B-93B0-4567-E9D5-B03127F9A3A0}.Debug|Any CPU.ActiveCfg = Debug|Any CPU
		{FF3FAA7B-93B0-4567-E9D5-B03127F9A3A0}.Debug|Any CPU.Build.0 = Debug|Any CPU
		{FF3FAA7B-93B0-4567-E9D5-B03127F9A3A0}.Release|Any CPU.ActiveCfg = Release|Any CPU
		{FF3FAA7B-93B0-4567-E9D5-B03127F9A3A0}.Release|Any CPU.Build.0 = Release|Any CPU
		{6FFE6D11-308C-404E-A20D-2B30D981FBB7}.Debug|Any CPU.ActiveCfg = Debug|Any CPU
		{6FFE6D11-308C-404E-A20D-2B30D981FBB7}.Debug|Any CPU.Build.0 = Debug|Any CPU
		{6FFE6D11-308C-404E-A20D-2B30D981FBB7}.Release|Any CPU.ActiveCfg = Release|Any CPU
		{6FFE6D11-308C-404E-A20D-2B30D981FBB7}.Release|Any CPU.Build.0 = Release|Any CPU
		{0DE613E4-238E-4F7A-96FA-25B79B33AB7B}.Debug|Any CPU.ActiveCfg = Debug|Any CPU
		{0DE613E4-238E-4F7A-96FA-25B79B33AB7B}.Debug|Any CPU.Build.0 = Debug|Any CPU
		{0DE613E4-238E-4F7A-96FA-25B79B33AB7B}.Release|Any CPU.ActiveCfg = Release|Any CPU
		{0DE613E4-238E-4F7A-96FA-25B79B33AB7B}.Release|Any CPU.Build.0 = Release|Any CPU
		{B5F1F48F-0B2C-43C5-A4B0-43947A156027}.Debug|Any CPU.ActiveCfg = Debug|Any CPU
		{B5F1F48F-0B2C-43C5-A4B0-43947A156027}.Debug|Any CPU.Build.0 = Debug|Any CPU
		{B5F1F48F-0B2C-43C5-A4B0-43947A156027}.Release|Any CPU.ActiveCfg = Release|Any CPU
		{B5F1F48F-0B2C-43C5-A4B0-43947A156027}.Release|Any CPU.Build.0 = Release|Any CPU
		{6792A40E-130E-47B4-A6A3-8BA101F26956}.Debug|Any CPU.ActiveCfg = Debug|Any CPU
		{6792A40E-130E-47B4-A6A3-8BA101F26956}.Debug|Any CPU.Build.0 = Debug|Any CPU
		{6792A40E-130E-47B4-A6A3-8BA101F26956}.Release|Any CPU.ActiveCfg = Release|Any CPU
		{6792A40E-130E-47B4-A6A3-8BA101F26956}.Release|Any CPU.Build.0 = Release|Any CPU
		{C2D57B7B-7E1E-40BA-BC9A-8DA335422F8E}.Debug|Any CPU.ActiveCfg = Debug|Any CPU
		{C2D57B7B-7E1E-40BA-BC9A-8DA335422F8E}.Debug|Any CPU.Build.0 = Debug|Any CPU
		{C2D57B7B-7E1E-40BA-BC9A-8DA335422F8E}.Release|Any CPU.ActiveCfg = Release|Any CPU
		{C2D57B7B-7E1E-40BA-BC9A-8DA335422F8E}.Release|Any CPU.Build.0 = Release|Any CPU
	EndGlobalSection
	GlobalSection(SolutionProperties) = preSolution
		HideSolutionNode = FALSE
	EndGlobalSection
	GlobalSection(NestedProjects) = preSolution
		{038A0191-63B2-4C3E-94CA-6A31BB9579A8} = {02EA681E-C7D8-13C7-8484-4AC65E1B71E8}
		{234DCEE3-8D8D-9061-2C6D-87B6DC54DF16} = {02EA681E-C7D8-13C7-8484-4AC65E1B71E8}
		{FF3FAA7B-93B0-4567-E9D5-B03127F9A3A0} = {02EA681E-C7D8-13C7-8484-4AC65E1B71E8}
		{6FFE6D11-308C-404E-A20D-2B30D981FBB7} = {02EA681E-C7D8-13C7-8484-4AC65E1B71E8}
		{0DE613E4-238E-4F7A-96FA-25B79B33AB7B} = {02EA681E-C7D8-13C7-8484-4AC65E1B71E8}
		{B5F1F48F-0B2C-43C5-A4B0-43947A156027} = {02EA681E-C7D8-13C7-8484-4AC65E1B71E8}
		{6792A40E-130E-47B4-A6A3-8BA101F26956} = {02EA681E-C7D8-13C7-8484-4AC65E1B71E8}
		{C2D57B7B-7E1E-40BA-BC9A-8DA335422F8E} = {02EA681E-C7D8-13C7-8484-4AC65E1B71E8}
	EndGlobalSection
	GlobalSection(ExtensibilityGlobals) = postSolution
		SolutionGuid = {4B9023DE-E3D7-4F6E-86B1-759E0177E3AB}
	EndGlobalSection
EndGlobal
